{
  "version": 4,
  "terraform_version": "1.2.3",
  "serial": 124,
  "lineage": "57b49c0a-3fc3-7580-ae32-70c99909f833",
  "outputs": {
    "instance_ip": {
      "value": "10.128.0.14",
      "type": "string"
    },
    "public_ip": {
      "value": "35.226.6.33",
      "type": "string"
    }
  },
  "resources": [
    {
      "mode": "managed",
      "type": "google_compute_address",
      "name": "static",
      "provider": "provider[\"registry.terraform.io/hashicorp/google\"]",
      "instances": [
        {
          "schema_version": 0,
          "attributes": {
            "address": "35.226.6.33",
            "address_type": "EXTERNAL",
            "creation_timestamp": "2022-08-27T08:05:52.308-07:00",
            "description": "",
            "id": "projects/stps-360015/regions/us-central1/addresses/vm-public-address",
            "name": "vm-public-address",
            "network": "",
            "network_tier": "PREMIUM",
            "prefix_length": 0,
            "project": "stps-360015",
            "purpose": "",
            "region": "us-central1",
            "self_link": "https://www.googleapis.com/compute/v1/projects/stps-360015/regions/us-central1/addresses/vm-public-address",
            "subnetwork": "",
            "timeouts": null,
            "users": []
          },
          "sensitive_attributes": [],
          "private": "eyJlMmJmYjczMC1lY2FhLTExZTYtOGY4OC0zNDM2M2JjN2M0YzAiOnsiY3JlYXRlIjoxMjAwMDAwMDAwMDAwLCJkZWxldGUiOjEyMDAwMDAwMDAwMDB9fQ==",
          "dependencies": [
            "google_compute_firewall.firewall"
          ]
        }
      ]
    },
    {
      "mode": "managed",
      "type": "google_compute_disk",
      "name": "default",
      "provider": "provider[\"registry.terraform.io/hashicorp/google\"]",
      "instances": [
        {
          "schema_version": 0,
          "attributes": {
            "creation_timestamp": "2022-08-27T08:05:40.467-07:00",
            "description": "",
            "disk_encryption_key": [],
            "id": "projects/stps-360015/zones/us-central1-a/disks/test-disk",
            "image": "",
            "label_fingerprint": "a6HI36FuYIQ=",
            "labels": {
              "environment": "dev"
            },
            "last_attach_timestamp": "",
            "last_detach_timestamp": "",
            "name": "test-disk",
            "physical_block_size_bytes": 4096,
            "project": "stps-360015",
            "provisioned_iops": 0,
            "self_link": "https://www.googleapis.com/compute/v1/projects/stps-360015/zones/us-central1-a/disks/test-disk",
            "size": 70,
            "snapshot": "",
            "source_image_encryption_key": [],
            "source_image_id": "",
            "source_snapshot_encryption_key": [],
            "source_snapshot_id": "",
            "timeouts": null,
            "type": "pd-ssd",
            "users": [],
            "zone": "us-central1-a"
          },
          "sensitive_attributes": [],
          "private": "eyJlMmJmYjczMC1lY2FhLTExZTYtOGY4OC0zNDM2M2JjN2M0YzAiOnsiY3JlYXRlIjoxMjAwMDAwMDAwMDAwLCJkZWxldGUiOjEyMDAwMDAwMDAwMDAsInVwZGF0ZSI6MTIwMDAwMDAwMDAwMH19"
        }
      ]
    },
    {
      "mode": "managed",
      "type": "google_compute_firewall",
      "name": "firewall",
      "provider": "provider[\"registry.terraform.io/hashicorp/google\"]",
      "instances": [
        {
          "schema_version": 1,
          "attributes": {
            "allow": [
              {
                "ports": [
                  "22"
                ],
                "protocol": "tcp"
              }
            ],
            "creation_timestamp": "2022-08-27T08:05:40.730-07:00",
            "deny": [],
            "description": "",
            "destination_ranges": [],
            "direction": "INGRESS",
            "disabled": false,
            "enable_logging": null,
            "id": "projects/stps-360015/global/firewalls/stps-firewall-externalssh",
            "log_config": [],
            "name": "stps-firewall-externalssh",
            "network": "https://www.googleapis.com/compute/v1/projects/stps-360015/global/networks/default",
            "priority": 1000,
            "project": "stps-360015",
            "self_link": "https://www.googleapis.com/compute/v1/projects/stps-360015/global/firewalls/stps-firewall-externalssh",
            "source_ranges": [
              "0.0.0.0/0"
            ],
            "source_service_accounts": null,
            "source_tags": null,
            "target_service_accounts": null,
            "target_tags": [
              "externalssh"
            ],
            "timeouts": null
          },
          "sensitive_attributes": [],
          "private": "eyJlMmJmYjczMC1lY2FhLTExZTYtOGY4OC0zNDM2M2JjN2M0YzAiOnsiY3JlYXRlIjoxMjAwMDAwMDAwMDAwLCJkZWxldGUiOjEyMDAwMDAwMDAwMDAsInVwZGF0ZSI6MTIwMDAwMDAwMDAwMH0sInNjaGVtYV92ZXJzaW9uIjoiMSJ9"
        }
      ]
    },
    {
      "mode": "managed",
      "type": "google_compute_firewall",
      "name": "webserverrule",
      "provider": "provider[\"registry.terraform.io/hashicorp/google\"]",
      "instances": [
        {
          "schema_version": 1,
          "attributes": {
            "allow": [
              {
                "ports": [
                  "80",
                  "443",
                  "5601",
                  "9200",
                  "27017",
                  "27018",
                  "27019"
                ],
                "protocol": "tcp"
              }
            ],
            "creation_timestamp": "2022-08-27T08:05:40.500-07:00",
            "deny": [],
            "description": "",
            "destination_ranges": [],
            "direction": "INGRESS",
            "disabled": false,
            "enable_logging": null,
            "id": "projects/stps-360015/global/firewalls/stps-webserver",
            "log_config": [],
            "name": "stps-webserver",
            "network": "https://www.googleapis.com/compute/v1/projects/stps-360015/global/networks/default",
            "priority": 1000,
            "project": "stps-360015",
            "self_link": "https://www.googleapis.com/compute/v1/projects/stps-360015/global/firewalls/stps-webserver",
            "source_ranges": [
              "0.0.0.0/0"
            ],
            "source_service_accounts": null,
            "source_tags": null,
            "target_service_accounts": null,
            "target_tags": [
              "webserver"
            ],
            "timeouts": null
          },
          "sensitive_attributes": [],
          "private": "eyJlMmJmYjczMC1lY2FhLTExZTYtOGY4OC0zNDM2M2JjN2M0YzAiOnsiY3JlYXRlIjoxMjAwMDAwMDAwMDAwLCJkZWxldGUiOjEyMDAwMDAwMDAwMDAsInVwZGF0ZSI6MTIwMDAwMDAwMDAwMH0sInNjaGVtYV92ZXJzaW9uIjoiMSJ9"
        }
      ]
    },
    {
      "mode": "managed",
      "type": "google_compute_instance",
      "name": "stpsinstance",
      "provider": "provider[\"registry.terraform.io/hashicorp/google\"]",
      "instances": [
        {
          "schema_version": 6,
          "attributes": {
            "advanced_machine_features": [],
            "allow_stopping_for_update": true,
            "attached_disk": [],
            "boot_disk": [
              {
                "auto_delete": true,
                "device_name": "persistent-disk-0",
                "disk_encryption_key_raw": "",
                "disk_encryption_key_sha256": "",
                "initialize_params": [
                  {
                    "image": "https://www.googleapis.com/compute/v1/projects/ubuntu-os-cloud/global/images/ubuntu-2004-focal-v20220823",
                    "labels": {},
                    "size": 70,
                    "type": "pd-standard"
                  }
                ],
                "kms_key_self_link": "",
                "mode": "READ_WRITE",
                "source": "https://www.googleapis.com/compute/v1/projects/stps-360015/zones/us-central1-a/disks/stps-instance"
              }
            ],
            "can_ip_forward": false,
            "confidential_instance_config": [],
            "cpu_platform": "Intel Broadwell",
            "current_status": "RUNNING",
            "deletion_protection": false,
            "description": "",
            "desired_status": null,
            "enable_display": false,
            "guest_accelerator": [],
            "hostname": "",
            "id": "projects/stps-360015/zones/us-central1-a/instances/stps-instance",
            "instance_id": "9067236436795165747",
            "label_fingerprint": "42WmSpB8rSM=",
            "labels": null,
            "machine_type": "e2-highmem-2",
            "metadata": {
              "ssh-keys": "root:ssh-rsa AAAAB3NzaC1yc2EAAAADAQABAAABgQDpjQyZ6yyiAZTOjScG2j01mmJoOTQsiNPc9mwd2tRjOk3SFyYE4uYTmac6dyu5/gA0zKJpMKMZrSINrb2tcyZoS03+BeZWe3UWPj7va8yquroH3HnmxpwcQdNAPHhFI0nRMq99XE3gAdKyuuhZgsfWP+ldtQ8eokszPAS71ykXLVF/NPvNf436V8J6A3B9AguueFm2hKO2mlRsyRfEifmclHvr2r5xpcGAzZoz3g8hanvvqlPMVg4BPwAN71JhATo21UJ5LSofDF9ZH88j8Ml4g54aOTMCuu1R4AyQWQYfAEOcwPJ6njZjrNdIJlyYEJ2rct0jRDdFUaPHzlARSlJoCp3v8FhOeQ88BhUJBlZNs2Fala6DGaccltkN9Es21ZgUPA7mdM3os93LHQsHUbcGeyejpCBIeSJpOzGAXEKNl5NJhcrajF60eFJSBIue8sIEL+NA2jwnTmjdzvgri8agNe+wuUfY5NKHebY06WZc8IyPVVqpcmjETQNLSB1Q84M= macbookair\n"
            },
            "metadata_fingerprint": "BsY1N8Vg3rs=",
            "metadata_startup_script": null,
            "min_cpu_platform": "",
            "name": "stps-instance",
            "network_interface": [
              {
                "access_config": [
                  {
                    "nat_ip": "35.226.6.33",
                    "network_tier": "PREMIUM",
                    "public_ptr_domain_name": ""
                  }
                ],
                "alias_ip_range": [],
                "ipv6_access_config": [],
                "ipv6_access_type": "",
                "name": "nic0",
                "network": "https://www.googleapis.com/compute/v1/projects/stps-360015/global/networks/default",
                "network_ip": "10.128.0.14",
                "nic_type": "",
                "queue_count": 0,
                "stack_type": "IPV4_ONLY",
                "subnetwork": "https://www.googleapis.com/compute/v1/projects/stps-360015/regions/us-central1/subnetworks/default",
                "subnetwork_project": "stps-360015"
              }
            ],
            "project": "stps-360015",
            "reservation_affinity": [],
            "resource_policies": null,
            "scheduling": [
              {
                "automatic_restart": true,
                "instance_termination_action": "",
                "min_node_cpus": 0,
                "node_affinities": [],
                "on_host_maintenance": "MIGRATE",
                "preemptible": false,
                "provisioning_model": "STANDARD"
              }
            ],
            "scratch_disk": [],
            "self_link": "https://www.googleapis.com/compute/v1/projects/stps-360015/zones/us-central1-a/instances/stps-instance",
            "service_account": [
              {
                "email": "431387368324-compute@developer.gserviceaccount.com",
                "scopes": [
                  "https://www.googleapis.com/auth/compute.readonly"
                ]
              }
            ],
            "shielded_instance_config": [
              {
                "enable_integrity_monitoring": true,
                "enable_secure_boot": false,
                "enable_vtpm": true
              }
            ],
            "tags": [
              "externalssh",
              "webserver"
            ],
            "tags_fingerprint": "Mh9u1hBHiNA=",
            "timeouts": null,
            "zone": "us-central1-a"
          },
          "sensitive_attributes": [],
          "private": "eyJlMmJmYjczMC1lY2FhLTExZTYtOGY4OC0zNDM2M2JjN2M0YzAiOnsiY3JlYXRlIjoxMjAwMDAwMDAwMDAwLCJkZWxldGUiOjEyMDAwMDAwMDAwMDAsInVwZGF0ZSI6MTIwMDAwMDAwMDAwMH0sInNjaGVtYV92ZXJzaW9uIjoiNiJ9",
          "dependencies": [
            "google_compute_address.static",
            "google_compute_firewall.firewall",
            "google_compute_firewall.webserverrule"
          ]
        }
      ]
    }
  ]
}
